{
  "lockfileVersion": 1,
  "configVersion": 1,
  "workspaces": {
    "": {
      "dependencies": {
        "@opencode-ai/plugin": "1.1.40",
      },
    },
  },
  "packages": {
    "@opencode-ai/plugin": ["@opencode-ai/plugin@1.1.40", "", { "dependencies": { "@opencode-ai/sdk": "1.1.40", "zod": "4.1.8" } }, "sha512-smzF8sHg/nx1DUAmGqh4pW6tQi/kvQ9l2RsZe6ig+PWxd40vA3PKa59No2Cib9ZvHLSnEfNsmeVuZfYlWDL1lQ=="],

    "@opencode-ai/sdk": ["@opencode-ai/sdk@1.1.40", "", {}, "sha512-WBSe7FXsUyAjYiQQQTDjQi/vG3yrfGQTQoJbHd/vQiwsNwEB8uAZ07eviez61QxPaf43cAJR+I2pJQid5aepEQ=="],

    "zod": ["zod@4.1.8", "", {}, "sha512-5R1P+WwQqmmMIEACyzSvo4JXHY5WiAFHRMg+zBZKgKS+Q1viRa0C1hmUKtHltoIFKtIdki3pRxkmpP74jnNYHQ=="],
  }
}
